{
  "nodes": {
    "flakeNimbleLib": {
      "inputs": {
        "nixpkgs": [
          "nixpkgs"
        ]
      },
      "locked": {
        "lastModified": 1662018438,
        "narHash": "sha256-QtNtU6+LX3Wokxf0zlFwKTFOcn6TeDjKQZ+DA9OYtvM=",
        "owner": "riinr",
        "repo": "nim-flakes-lib",
        "rev": "b1fe8340736e3a85d25c709ac3dfd82a55c03cbf",
        "type": "github"
      },
      "original": {
        "owner": "riinr",
        "ref": "master",
        "repo": "nim-flakes-lib",
        "type": "github"
      }
    },
    "nixpkgs": {
      "locked": {
        "lastModified": 1667110639,
        "narHash": "sha256-4FbPESZ5LbqQxkJJJBAfk/zKgF9h/4kyUwjjpJwYlbc=",
        "owner": "NixOS",
        "repo": "nixpkgs",
        "rev": "f38a1f04d1bec1feb61fd101a0539ae2002a7087",
        "type": "github"
      },
      "original": {
        "id": "nixpkgs",
        "type": "indirect"
      }
    },
    "root": {
      "inputs": {
        "flakeNimbleLib": "flakeNimbleLib",
        "nixpkgs": "nixpkgs",
        "shaname-master": "shaname-master"
      }
    },
    "shaname-master": {
      "inputs": {
        "flakeNimbleLib": [
          "flakeNimbleLib"
        ],
        "nixpkgs": [
          "nixpkgs"
        ],
        "src-shaname-master": "src-shaname-master"
      },
      "locked": {
        "dir": "master",
        "lastModified": 1662254811,
        "narHash": "sha256-LVbkIW21viFsn2gvobe8WN3yS6nI7DTCr+PYgn6xXqQ=",
        "owner": "nim-nix-pkgs",
        "repo": "shaname",
        "rev": "bbf49a278d293dce8cae61ed958df70f47758872",
        "type": "github"
      },
      "original": {
        "dir": "master",
        "owner": "nim-nix-pkgs",
        "ref": "master",
        "repo": "shaname",
        "type": "github"
      }
    },
    "src-shaname-master": {
      "flake": false,
      "locked": {
        "dir": "shaname",
        "lastModified": 1526463157,
        "narHash": "sha256-3k20wU6mK6zAd7KTK7R7RKFVZicIvOfRs65YaAFi0Ew=",
        "owner": "Torro",
        "repo": "nimble-packages",
        "rev": "cd84ca927f4aa4375158612673abc2202db016d9",
        "type": "github"
      },
      "original": {
        "dir": "shaname",
        "owner": "Torro",
        "ref": "refs/heads/master",
        "repo": "nimble-packages",
        "type": "github"
      }
    }
  },
  "root": "root",
  "version": 7
}
